
Microsoft Visual Studio Solution File, Format Version 12.00
# Visual Studio Version 17
VisualStudioVersion = 17.8.34330.188
MinimumVisualStudioVersion = 10.0.40219.1
Project("{FAE04EC0-301F-11D3-BF4B-00C04F79EFBC}") = "TrabalhandoComListas", "TrabalhandoComListas\TrabalhandoComListas.csproj", "{08968781-D17B-4A14-90B0-DDFD501EA1CC}"
EndProject
Global
	GlobalSection(SolutionConfigurationPlatforms) = preSolution
		Debug|Any CPU = Debug|Any CPU
		Release|Any CPU = Release|Any CPU
	EndGlobalSection
	GlobalSection(ProjectConfigurationPlatforms) = postSolution
		{08968781-D17B-4A14-90B0-DDFD501EA1CC}.Debug|Any CPU.ActiveCfg = Debug|Any CPU
		{08968781-D17B-4A14-90B0-DDFD501EA1CC}.Debug|Any CPU.Build.0 = Debug|Any CPU
		{08968781-D17B-4A14-90B0-DDFD501EA1CC}.Release|Any CPU.ActiveCfg = Release|Any CPU
		{08968781-D17B-4A14-90B0-DDFD501EA1CC}.Release|Any CPU.Build.0 = Release|Any CPU
	EndGlobalSection
	GlobalSection(SolutionProperties) = preSolution
		HideSolutionNode = FALSE
	EndGlobalSection
	GlobalSection(ExtensibilityGlobals) = postSolution
		SolutionGuid = {44C5837B-BBA1-4747-9A50-20EC60A48549}
	EndGlobalSection
EndGlobal
